
Microsoft Visual Studio Solution File, Format Version 12.00
# Visual Studio 14
VisualStudioVersion = 14.0.25420.1
MinimumVisualStudioVersion = 10.0.40219.1
Project("{FAE04EC0-301F-11D3-BF4B-00C04F79EFBC}") = "BarclayCardExercise", "BarclayCardExercise.csproj", "{F677C3BC-7FF3-4A14-986C-B2BE8CFD140F}"
EndProject
Global
	GlobalSection(SolutionConfigurationPlatforms) = preSolution
		Debug|Any CPU = Debug|Any CPU
		Release|Any CPU = Release|Any CPU
	EndGlobalSection
	GlobalSection(ProjectConfigurationPlatforms) = postSolution
		{F677C3BC-7FF3-4A14-986C-B2BE8CFD140F}.Debug|Any CPU.ActiveCfg = Debug|Any CPU
		{F677C3BC-7FF3-4A14-986C-B2BE8CFD140F}.Debug|Any CPU.Build.0 = Debug|Any CPU
		{F677C3BC-7FF3-4A14-986C-B2BE8CFD140F}.Release|Any CPU.ActiveCfg = Release|Any CPU
		{F677C3BC-7FF3-4A14-986C-B2BE8CFD140F}.Release|Any CPU.Build.0 = Release|Any CPU
	EndGlobalSection
	GlobalSection(SolutionProperties) = preSolution
		HideSolutionNode = FALSE
	EndGlobalSection
EndGlobal
